{
    "name": "st-bundler-compiler-test-fixture",
    "version": "1.0.0",
    "lockfileVersion": 1,
    "requires": true,
    "dependencies": {
        "ajv": {
            "version": "6.10.2",
            "resolved": "https://registry.npmjs.org/ajv/-/ajv-6.10.2.tgz",
            "integrity": "sha512-TXtUUEYHuaTEbLZWIKUr5pmBuhDLy+8KYtPYdcV8qC+pOZL+NKqYwvWSRrVXHn+ZmRRAu8vJTAznH7Oag6RVRw==",
            "requires": {
                "fast-deep-equal": "^2.0.1",
                "fast-json-stable-stringify": "^2.0.0",
                "json-schema-traverse": "^0.4.1",
                "uri-js": "^4.2.2"
            }
        },
        "ajv-keywords": {
            "version": "3.4.1",
            "resolved": "https://registry.npmjs.org/ajv-keywords/-/ajv-keywords-3.4.1.tgz",
            "integrity": "sha512-RO1ibKvd27e6FEShVFfPALuHI3WjSVNeK5FIsmme/LYRNxjKuNj+Dt7bucLa6NdSv3JcVTyMlm9kGR84z1XpaQ=="
        },
        "big.js": {
            "version": "5.2.2",
            "resolved": "https://registry.npmjs.org/big.js/-/big.js-5.2.2.tgz",
            "integrity": "sha512-vyL2OymJxmarO8gxMr0mhChsO9QGwhynfuu4+MHTAW6czfq9humCB7rKpUjDd9YUiDPU4mzpyupFSvOClAwbmQ=="
        },
        "clone-deep": {
            "version": "4.0.1",
            "resolved": "https://registry.npmjs.org/clone-deep/-/clone-deep-4.0.1.tgz",
            "integrity": "sha512-neHB9xuzh/wk0dIHweyAXv2aPGZIVk3pLMe+/RNzINf17fe0OG96QroktYAUm7SM1PBnzTabaLboqqxDyMU+SQ==",
            "requires": {
                "is-plain-object": "^2.0.4",
                "kind-of": "^6.0.2",
                "shallow-clone": "^3.0.0"
            }
        },
        "cross-env": {
            "version": "6.0.3",
            "resolved": "https://registry.npmjs.org/cross-env/-/cross-env-6.0.3.tgz",
            "integrity": "sha512-+KqxF6LCvfhWvADcDPqo64yVIB31gv/jQulX2NGzKS/g3GEVz6/pt4wjHFtFWsHMddebWD/sDthJemzM4MaAag==",
            "dev": true,
            "requires": {
                "cross-spawn": "^7.0.0"
            }
        },
        "cross-spawn": {
            "version": "7.0.1",
            "resolved": "https://registry.npmjs.org/cross-spawn/-/cross-spawn-7.0.1.tgz",
            "integrity": "sha512-u7v4o84SwFpD32Z8IIcPZ6z1/ie24O6RU3RbtL5Y316l3KuHVPx9ItBgWQ6VlfAFnRnTtMUrsQ9MUUTuEZjogg==",
            "dev": true,
            "requires": {
                "path-key": "^3.1.0",
                "shebang-command": "^2.0.0",
                "which": "^2.0.1"
            }
        },
        "emojis-list": {
            "version": "2.1.0",
            "resolved": "https://registry.npmjs.org/emojis-list/-/emojis-list-2.1.0.tgz",
            "integrity": "sha1-TapNnbAPmBmIDHn6RXrlsJof04k="
        },
        "fast-deep-equal": {
            "version": "2.0.1",
            "resolved": "https://registry.npmjs.org/fast-deep-equal/-/fast-deep-equal-2.0.1.tgz",
            "integrity": "sha1-ewUhjd+WZ79/Nwv3/bLLFf3Qqkk="
        },
        "fast-json-stable-stringify": {
            "version": "2.0.0",
            "resolved": "https://registry.npmjs.org/fast-json-stable-stringify/-/fast-json-stable-stringify-2.0.0.tgz",
            "integrity": "sha1-1RQsDK7msRifh9OnYREGT4bIu/I="
        },
        "is-plain-object": {
            "version": "2.0.4",
            "resolved": "https://registry.npmjs.org/is-plain-object/-/is-plain-object-2.0.4.tgz",
            "integrity": "sha512-h5PpgXkWitc38BBMYawTYMWJHFZJVnBquFE57xFpjB8pJFiF6gZ+bU+WyI/yqXiFR5mdLsgYNaPe8uao6Uv9Og==",
            "requires": {
                "isobject": "^3.0.1"
            }
        },
        "isexe": {
            "version": "2.0.0",
            "resolved": "https://registry.npmjs.org/isexe/-/isexe-2.0.0.tgz",
            "integrity": "sha1-6PvzdNxVb/iUehDcsFctYz8s+hA=",
            "dev": true
        },
        "isobject": {
            "version": "3.0.1",
            "resolved": "https://registry.npmjs.org/isobject/-/isobject-3.0.1.tgz",
            "integrity": "sha1-TkMekrEalzFjaqH5yNHMvP2reN8="
        },
        "json-schema-traverse": {
            "version": "0.4.1",
            "resolved": "https://registry.npmjs.org/json-schema-traverse/-/json-schema-traverse-0.4.1.tgz",
            "integrity": "sha512-xbbCH5dCYU5T8LcEhhuh7HJ88HXuW3qsI3Y0zOZFKfZEHcpWiHU/Jxzk629Brsab/mMiHQti9wMP+845RPe3Vg=="
        },
        "json5": {
            "version": "1.0.1",
            "resolved": "https://registry.npmjs.org/json5/-/json5-1.0.1.tgz",
            "integrity": "sha512-aKS4WQjPenRxiQsC93MNfjx+nbF4PAdYzmd/1JIj8HYzqfbu86beTuNgXDzPknWk0n0uARlyewZo4s++ES36Ow==",
            "requires": {
                "minimist": "^1.2.0"
            }
        },
        "kind-of": {
            "version": "6.0.2",
            "resolved": "https://registry.npmjs.org/kind-of/-/kind-of-6.0.2.tgz",
            "integrity": "sha512-s5kLOcnH0XqDO+FvuaLX8DDjZ18CGFk7VygH40QoKPUQhW4e2rvM0rwUq0t8IQDOwYSeLK01U90OjzBTme2QqA=="
        },
        "loader-utils": {
            "version": "1.2.3",
            "resolved": "https://registry.npmjs.org/loader-utils/-/loader-utils-1.2.3.tgz",
            "integrity": "sha512-fkpz8ejdnEMG3s37wGL07iSBDg99O9D5yflE9RGNH3hRdx9SOwYfnGYdZOUIZitN8E+E2vkq3MUMYMvPYl5ZZA==",
            "requires": {
                "big.js": "^5.2.2",
                "emojis-list": "^2.0.0",
                "json5": "^1.0.1"
            }
        },
        "minimist": {
            "version": "1.2.0",
            "resolved": "https://registry.npmjs.org/minimist/-/minimist-1.2.0.tgz",
            "integrity": "sha1-o1AIsg9BOD7sH7kU9M1d95omQoQ="
        },
        "neo-async": {
            "version": "2.6.1",
            "resolved": "https://registry.npmjs.org/neo-async/-/neo-async-2.6.1.tgz",
            "integrity": "sha512-iyam8fBuCUpWeKPGpaNMetEocMt364qkCsfL9JuhjXX6dRnguRVOfk2GZaDpPjcOKiiXCPINZC1GczQ7iTq3Zw=="
        },
        "path-key": {
            "version": "3.1.0",
            "resolved": "https://registry.npmjs.org/path-key/-/path-key-3.1.0.tgz",
            "integrity": "sha512-8cChqz0RP6SHJkMt48FW0A7+qUOn+OsnOsVtzI59tZ8m+5bCSk7hzwET0pulwOM2YMn9J1efb07KB9l9f30SGg==",
            "dev": true
        },
        "punycode": {
            "version": "2.1.1",
            "resolved": "https://registry.npmjs.org/punycode/-/punycode-2.1.1.tgz",
            "integrity": "sha512-XRsRjdf+j5ml+y/6GKHPZbrF/8p2Yga0JPtdqTIY2Xe5ohJPD9saDJJLPvp9+NSBprVvevdXZybnj2cv8OEd0A=="
        },
        "sass-loader": {
            "version": "8.0.0",
            "resolved": "https://registry.npmjs.org/sass-loader/-/sass-loader-8.0.0.tgz",
            "integrity": "sha512-+qeMu563PN7rPdit2+n5uuYVR0SSVwm0JsOUsaJXzgYcClWSlmX0iHDnmeOobPkf5kUglVot3QS6SyLyaQoJ4w==",
            "requires": {
                "clone-deep": "^4.0.1",
                "loader-utils": "^1.2.3",
                "neo-async": "^2.6.1",
                "schema-utils": "^2.1.0",
                "semver": "^6.3.0"
            }
        },
        "schema-utils": {
            "version": "2.5.0",
            "resolved": "https://registry.npmjs.org/schema-utils/-/schema-utils-2.5.0.tgz",
            "integrity": "sha512-32ISrwW2scPXHUSusP8qMg5dLUawKkyV+/qIEV9JdXKx+rsM6mi8vZY8khg2M69Qom16rtroWXD3Ybtiws38gQ==",
            "requires": {
                "ajv": "^6.10.2",
                "ajv-keywords": "^3.4.1"
            }
        },
        "semver": {
            "version": "6.3.0",
            "resolved": "https://registry.npmjs.org/semver/-/semver-6.3.0.tgz",
            "integrity": "sha512-b39TBaTSfV6yBrapU89p5fKekE2m/NwnDocOVruQFS1/veMgdzuPcnOM34M6CwxW8jH/lxEa5rBoDeUwu5HHTw=="
        },
        "shallow-clone": {
            "version": "3.0.1",
            "resolved": "https://registry.npmjs.org/shallow-clone/-/shallow-clone-3.0.1.tgz",
            "integrity": "sha512-/6KqX+GVUdqPuPPd2LxDDxzX6CAbjJehAAOKlNpqqUpAqPM6HeL8f+o3a+JsyGjn2lv0WY8UsTgUJjU9Ok55NA==",
            "requires": {
                "kind-of": "^6.0.2"
            }
        },
        "shebang-command": {
            "version": "2.0.0",
            "resolved": "https://registry.npmjs.org/shebang-command/-/shebang-command-2.0.0.tgz",
            "integrity": "sha512-kHxr2zZpYtdmrN1qDjrrX/Z1rR1kG8Dx+gkpK1G4eXmvXswmcE1hTWBWYUzlraYw1/yZp6YuDY77YtvbN0dmDA==",
            "dev": true,
            "requires": {
                "shebang-regex": "^3.0.0"
            }
        },
        "shebang-regex": {
            "version": "3.0.0",
            "resolved": "https://registry.npmjs.org/shebang-regex/-/shebang-regex-3.0.0.tgz",
            "integrity": "sha512-7++dFhtcx3353uBaq8DDR4NuxBetBzC7ZQOhmTQInHEd6bSrXdiEyzCvG07Z44UYdLShWUyXt5M/yhz8ekcb1A==",
            "dev": true
        },
        "springtype": {
            "version": "2.0.0-alpha.1.17",
            "resolved": "https://registry.npmjs.org/springtype/-/springtype-2.0.0-alpha.1.17.tgz",
            "integrity": "sha512-iqj62Ib+dOE+aHYqvCAhYZ+Mh3Q9I1HYrND2ksw222BnYVV6fh4AlNGIg8qMpUOwLrI0l10VIMVvtCmXzaE45A==",
            "dev": true
        },
        "typescript": {
            "version": "3.6.4",
            "resolved": "https://registry.npmjs.org/typescript/-/typescript-3.6.4.tgz",
            "integrity": "sha512-unoCll1+l+YK4i4F8f22TaNVPRHcD9PA3yCuZ8g5e0qGqlVlJ/8FSateOLLSagn+Yg5+ZwuPkL8LFUc0Jcvksg==",
            "dev": true
        },
        "uri-js": {
            "version": "4.2.2",
            "resolved": "https://registry.npmjs.org/uri-js/-/uri-js-4.2.2.tgz",
            "integrity": "sha512-KY9Frmirql91X2Qgjry0Wd4Y+YTdrdZheS8TFwvkbLWf/G5KNJDCh6pKL5OZctEW4+0Baa5idK2ZQuELRwPznQ==",
            "requires": {
                "punycode": "^2.1.0"
            }
        },
        "which": {
            "version": "2.0.1",
            "resolved": "https://registry.npmjs.org/which/-/which-2.0.1.tgz",
            "integrity": "sha512-N7GBZOTswtB9lkQBZA4+zAXrjEIWAUOB93AvzUiudRzRxhUdLURQ7D/gAIMY1gatT/LTbmbcv8SiYazy3eYB7w==",
            "dev": true,
            "requires": {
                "isexe": "^2.0.0"
            }
        },
        "yarn": {
            "version": "1.19.1",
            "resolved": "https://registry.npmjs.org/yarn/-/yarn-1.19.1.tgz",
            "integrity": "sha512-gBnfbL9rYY05Gt0cjJhs/siqQXHYlZalTjK3nXn2QO20xbkIFPob+LlH44ML47GcR4VU9/2dYck1BWFM0Javxw=="
        }
    }
}
